
Microsoft Visual Studio Solution File, Format Version 12.00
# Visual Studio 15
VisualStudioVersion = 15.0.28010.2003
MinimumVisualStudioVersion = 10.0.40219.1
Project("{FAE04EC0-301F-11D3-BF4B-00C04F79EFBC}") = "RestApiTest", "RestApiTest\RestApiTest.csproj", "{842DF998-B033-448B-B706-92B844BBCD6A}"
EndProject
Global
	GlobalSection(SolutionConfigurationPlatforms) = preSolution
		Debug|Any CPU = Debug|Any CPU
		Release|Any CPU = Release|Any CPU
	EndGlobalSection
	GlobalSection(ProjectConfigurationPlatforms) = postSolution
		{842DF998-B033-448B-B706-92B844BBCD6A}.Debug|Any CPU.ActiveCfg = Debug|Any CPU
		{842DF998-B033-448B-B706-92B844BBCD6A}.Debug|Any CPU.Build.0 = Debug|Any CPU
		{842DF998-B033-448B-B706-92B844BBCD6A}.Release|Any CPU.ActiveCfg = Release|Any CPU
		{842DF998-B033-448B-B706-92B844BBCD6A}.Release|Any CPU.Build.0 = Release|Any CPU
	EndGlobalSection
	GlobalSection(SolutionProperties) = preSolution
		HideSolutionNode = FALSE
	EndGlobalSection
	GlobalSection(ExtensibilityGlobals) = postSolution
		SolutionGuid = {FE9C9CFA-F819-415D-B1C3-43276F5720DE}
	EndGlobalSection
EndGlobal
