
Microsoft Visual Studio Solution File, Format Version 12.00
# Visual Studio 15
VisualStudioVersion = 15.0.28010.2003
MinimumVisualStudioVersion = 10.0.40219.1
Project("{FAE04EC0-301F-11D3-BF4B-00C04F79EFBC}") = "ExtratFromFile", "ExtratFromFile\ExtratFromFile.csproj", "{0161B176-582D-410B-AE62-F30767FAB7C7}"
EndProject
Global
	GlobalSection(SolutionConfigurationPlatforms) = preSolution
		Debug|Any CPU = Debug|Any CPU
		Release|Any CPU = Release|Any CPU
	EndGlobalSection
	GlobalSection(ProjectConfigurationPlatforms) = postSolution
		{0161B176-582D-410B-AE62-F30767FAB7C7}.Debug|Any CPU.ActiveCfg = Debug|Any CPU
		{0161B176-582D-410B-AE62-F30767FAB7C7}.Debug|Any CPU.Build.0 = Debug|Any CPU
		{0161B176-582D-410B-AE62-F30767FAB7C7}.Release|Any CPU.ActiveCfg = Release|Any CPU
		{0161B176-582D-410B-AE62-F30767FAB7C7}.Release|Any CPU.Build.0 = Release|Any CPU
	EndGlobalSection
	GlobalSection(SolutionProperties) = preSolution
		HideSolutionNode = FALSE
	EndGlobalSection
	GlobalSection(ExtensibilityGlobals) = postSolution
		SolutionGuid = {4F36D50F-674D-46F3-AFD0-73F47CA558A1}
	EndGlobalSection
EndGlobal
